
Microsoft Visual Studio Solution File, Format Version 12.00
# Visual Studio 14
VisualStudioVersion = 14.0.25420.1
MinimumVisualStudioVersion = 10.0.40219.1
Project("{F2A71F9B-5D33-465A-A702-920D77279786}") = "BasicMath", "BasicMath\BasicMath.fsproj", "{184FF7F6-893A-47F1-BABF-84319C9DDC4A}"
EndProject
Project("{F2A71F9B-5D33-465A-A702-920D77279786}") = "MachineLearning", "MachineLearning\MachineLearning.fsproj", "{3B7BC285-EAE7-48AE-AB80-46E69D372DA0}"
EndProject
Global
	GlobalSection(SolutionConfigurationPlatforms) = preSolution
		Debug|Any CPU = Debug|Any CPU
		Release|Any CPU = Release|Any CPU
	EndGlobalSection
	GlobalSection(ProjectConfigurationPlatforms) = postSolution
		{184FF7F6-893A-47F1-BABF-84319C9DDC4A}.Debug|Any CPU.ActiveCfg = Debug|Any CPU
		{184FF7F6-893A-47F1-BABF-84319C9DDC4A}.Debug|Any CPU.Build.0 = Debug|Any CPU
		{184FF7F6-893A-47F1-BABF-84319C9DDC4A}.Release|Any CPU.ActiveCfg = Release|Any CPU
		{184FF7F6-893A-47F1-BABF-84319C9DDC4A}.Release|Any CPU.Build.0 = Release|Any CPU
		{3B7BC285-EAE7-48AE-AB80-46E69D372DA0}.Debug|Any CPU.ActiveCfg = Debug|Any CPU
		{3B7BC285-EAE7-48AE-AB80-46E69D372DA0}.Debug|Any CPU.Build.0 = Debug|Any CPU
		{3B7BC285-EAE7-48AE-AB80-46E69D372DA0}.Release|Any CPU.ActiveCfg = Release|Any CPU
		{3B7BC285-EAE7-48AE-AB80-46E69D372DA0}.Release|Any CPU.Build.0 = Release|Any CPU
	EndGlobalSection
	GlobalSection(SolutionProperties) = preSolution
		HideSolutionNode = FALSE
	EndGlobalSection
EndGlobal
